
Microsoft Visual Studio Solution File, Format Version 12.00
# Visual Studio Version 16
VisualStudioVersion = 16.0.29709.97
MinimumVisualStudioVersion = 10.0.40219.1
Project("{FAE04EC0-301F-11D3-BF4B-00C04F79EFBC}") = "AIProjectsIntecCSharp", "AIProjectsIntecCSharp\AIProjectsIntecCSharp.csproj", "{A5923733-5073-451F-8BED-66DF5CFEAEB3}"
EndProject
Project("{FAE04EC0-301F-11D3-BF4B-00C04F79EFBC}") = "Primos", "Primos\Primos.csproj", "{619B3E89-4C27-4074-B87C-7B7E3A1F3CF6}"
EndProject
Global
	GlobalSection(SolutionConfigurationPlatforms) = preSolution
		Debug|Any CPU = Debug|Any CPU
		Release|Any CPU = Release|Any CPU
	EndGlobalSection
	GlobalSection(ProjectConfigurationPlatforms) = postSolution
		{A5923733-5073-451F-8BED-66DF5CFEAEB3}.Debug|Any CPU.ActiveCfg = Debug|Any CPU
		{A5923733-5073-451F-8BED-66DF5CFEAEB3}.Debug|Any CPU.Build.0 = Debug|Any CPU
		{A5923733-5073-451F-8BED-66DF5CFEAEB3}.Release|Any CPU.ActiveCfg = Release|Any CPU
		{A5923733-5073-451F-8BED-66DF5CFEAEB3}.Release|Any CPU.Build.0 = Release|Any CPU
		{619B3E89-4C27-4074-B87C-7B7E3A1F3CF6}.Debug|Any CPU.ActiveCfg = Debug|Any CPU
		{619B3E89-4C27-4074-B87C-7B7E3A1F3CF6}.Debug|Any CPU.Build.0 = Debug|Any CPU
		{619B3E89-4C27-4074-B87C-7B7E3A1F3CF6}.Release|Any CPU.ActiveCfg = Release|Any CPU
		{619B3E89-4C27-4074-B87C-7B7E3A1F3CF6}.Release|Any CPU.Build.0 = Release|Any CPU
	EndGlobalSection
	GlobalSection(SolutionProperties) = preSolution
		HideSolutionNode = FALSE
	EndGlobalSection
	GlobalSection(ExtensibilityGlobals) = postSolution
		SolutionGuid = {EDC2BA50-2677-48D6-878B-E5F4AD6F2E56}
	EndGlobalSection
EndGlobal
